github.com/gin-gonic/gin v1.9.1 h1:ZVDNIyLjxVxF8od3qMCgzYieJSy4eod7Ji077s9NcXw=
github.com/gin-gonic/gin v1.9.1/go.mod h1:4zAwo9r1vylq0S+v2b0N2asmkeaDT0Eo7BlvcNqaJjY=
github.com/go-playground/locales v0.14.1 h1:E3sOGW7POrURQk9iSayJYyakYZZwNhQmb4bcoefbiRs=
github.com/go-playground/locales v0.14.1/go.mod h1:hYBq2iKkV3a56eYNvUz//83b7P8jQ2AvCZ24OGRBnMM=
github.com/go-playground/universal-translator v0.18.1 h1:GvO78rfwWvPngRPx+YV8uhoO2OdSiwrbViI47Og2t00=
github.com/go-playground/universal-translator v0.18.1/go.mod h1:HfbRBUj0T2YDqRNxNFa3WS6fe0R2BJl2CVqQ0i50dXg=
github.com/go-playground/validator/v10 v10.15.1 h1:HwZI3Z8XZ7n/xLcknaH1LosxrrcrRXLW7oH/4aTgSSM=
github.com/go-playground/validator/v10 v10.15.1/go.mod h1:9ZQsAFW28BX7xQv4Re6LhO8Y0EsidgITs2zQjm6mjF4=
github.com/goccy/go-json v0.10.2 h1:xCHb3dwQ0T7FZhFvKnsnd2vgaH6m7cVQ1uPGdMiei4k=
github.com/goccy/go-json v0.10.2/go.mod h1:ITq4Xj8j2n5BV6noyhBvwMxJ9fSJH2YpqChJxjTTlME=
golang.org/x/net v0.14.0 h1:d1dXuAwUnvBi8EM+st5g6Ex4Jb3Du2frpYW1Zql7XHc=
golang.org/x/net v0.14.0/go.mod h1:Po3hX1Kq8RDmF+tRQjqyYVj5lgkUfB55vt5x3Dmz59E=
